// !$*UTF8*$!
{
	archiveVersion = 1;
	classes = {
	};
	objectVersion = 50;
	objects = {

/* Begin PBXBuildFile section */
		BB0297BA25B6F964005FF35B /* AppDelegate.swift in Sources */ = {isa = PBXBuildFile; fileRef = BB0297B925B6F964005FF35B /* AppDelegate.swift */; };
		BB0297BC25B6F964005FF35B /* SceneDelegate.swift in Sources */ = {isa = PBXBuildFile; fileRef = BB0297BB25B6F964005FF35B /* SceneDelegate.swift */; };
		BB0297C325B6F966005FF35B /* Assets.xcassets in Resources */ = {isa = PBXBuildFile; fileRef = BB0297C225B6F966005FF35B /* Assets.xcassets */; };
		BB0297C625B6F966005FF35B /* LaunchScreen.storyboard in Resources */ = {isa = PBXBuildFile; fileRef = BB0297C425B6F966005FF35B /* LaunchScreen.storyboard */; };
		BB0297D125B6F966005FF35B /* TestActionListTests.swift in Sources */ = {isa = PBXBuildFile; fileRef = BB0297D025B6F966005FF35B /* TestActionListTests.swift */; };
		BB0297DC25B6F966005FF35B /* TestActionListUITests.swift in Sources */ = {isa = PBXBuildFile; fileRef = BB0297DB25B6F966005FF35B /* TestActionListUITests.swift */; };
		BB0297FC25B750A3005FF35B /* MainViewController.swift in Sources */ = {isa = PBXBuildFile; fileRef = BB0297FB25B750A3005FF35B /* MainViewController.swift */; };
		BB02980825B7518E005FF35B /* ActionListViewController.swift in Sources */ = {isa = PBXBuildFile; fileRef = BB02980625B7518E005FF35B /* ActionListViewController.swift */; };
		BB02980925B7518E005FF35B /* ActionListViewController.xib in Resources */ = {isa = PBXBuildFile; fileRef = BB02980725B7518E005FF35B /* ActionListViewController.xib */; };
		BB02981425B751AF005FF35B /* ActionListCell.swift in Sources */ = {isa = PBXBuildFile; fileRef = BB02981225B751AF005FF35B /* ActionListCell.swift */; };
		BB02981525B751AF005FF35B /* ActionListCell.xib in Resources */ = {isa = PBXBuildFile; fileRef = BB02981325B751AF005FF35B /* ActionListCell.xib */; };
		BB02982025B75474005FF35B /* UIView+Transformations.swift in Sources */ = {isa = PBXBuildFile; fileRef = BB02981F25B75474005FF35B /* UIView+Transformations.swift */; };
		BB02982625B754F6005FF35B /* UIViewController+Extensions.swift in Sources */ = {isa = PBXBuildFile; fileRef = BB02982525B754F6005FF35B /* UIViewController+Extensions.swift */; };
		BB02982E25B76022005FF35B /* Main.storyboard in Resources */ = {isa = PBXBuildFile; fileRef = BB02982D25B76022005FF35B /* Main.storyboard */; };
/* End PBXBuildFile section */

/* Begin PBXContainerItemProxy section */
		BB0297CD25B6F966005FF35B /* PBXContainerItemProxy */ = {
			isa = PBXContainerItemProxy;
			containerPortal = BB0297AE25B6F964005FF35B /* Project object */;
			proxyType = 1;
			remoteGlobalIDString = BB0297B525B6F964005FF35B;
			remoteInfo = TestActionList;
		};
		BB0297D825B6F966005FF35B /* PBXContainerItemProxy */ = {
			isa = PBXContainerItemProxy;
			containerPortal = BB0297AE25B6F964005FF35B /* Project object */;
			proxyType = 1;
			remoteGlobalIDString = BB0297B525B6F964005FF35B;
			remoteInfo = TestActionList;
		};
/* End PBXContainerItemProxy section */

/* Begin PBXFileReference section */
		BB0297B625B6F964005FF35B /* TestActionList.app */ = {isa = PBXFileReference; explicitFileType = wrapper.application; includeInIndex = 0; path = TestActionList.app; sourceTree = BUILT_PRODUCTS_DIR; };
		BB0297B925B6F964005FF35B /* AppDelegate.swift */ = {isa = PBXFileReference; lastKnownFileType = sourcecode.swift; path = AppDelegate.swift; sourceTree = "<group>"; };
		BB0297BB25B6F964005FF35B /* SceneDelegate.swift */ = {isa = PBXFileReference; lastKnownFileType = sourcecode.swift; path = SceneDelegate.swift; sourceTree = "<group>"; };
		BB0297C225B6F966005FF35B /* Assets.xcassets */ = {isa = PBXFileReference; lastKnownFileType = folder.assetcatalog; path = Assets.xcassets; sourceTree = "<group>"; };
		BB0297C525B6F966005FF35B /* Base */ = {isa = PBXFileReference; lastKnownFileType = file.storyboard; name = Base; path = Base.lproj/LaunchScreen.storyboard; sourceTree = "<group>"; };
		BB0297C725B6F966005FF35B /* Info.plist */ = {isa = PBXFileReference; lastKnownFileType = text.plist.xml; path = Info.plist; sourceTree = "<group>"; };
		BB0297CC25B6F966005FF35B /* TestActionListTests.xctest */ = {isa = PBXFileReference; explicitFileType = wrapper.cfbundle; includeInIndex = 0; path = TestActionListTests.xctest; sourceTree = BUILT_PRODUCTS_DIR; };
		BB0297D025B6F966005FF35B /* TestActionListTests.swift */ = {isa = PBXFileReference; lastKnownFileType = sourcecode.swift; path = TestActionListTests.swift; sourceTree = "<group>"; };
		BB0297D225B6F966005FF35B /* Info.plist */ = {isa = PBXFileReference; lastKnownFileType = text.plist.xml; path = Info.plist; sourceTree = "<group>"; };
		BB0297D725B6F966005FF35B /* TestActionListUITests.xctest */ = {isa = PBXFileReference; explicitFileType = wrapper.cfbundle; includeInIndex = 0; path = TestActionListUITests.xctest; sourceTree = BUILT_PRODUCTS_DIR; };
		BB0297DB25B6F966005FF35B /* TestActionListUITests.swift */ = {isa = PBXFileReference; lastKnownFileType = sourcecode.swift; path = TestActionListUITests.swift; sourceTree = "<group>"; };
		BB0297DD25B6F966005FF35B /* Info.plist */ = {isa = PBXFileReference; lastKnownFileType = text.plist.xml; path = Info.plist; sourceTree = "<group>"; };
		BB0297FB25B750A3005FF35B /* MainViewController.swift */ = {isa = PBXFileReference; lastKnownFileType = sourcecode.swift; path = MainViewController.swift; sourceTree = "<group>"; };
		BB02980625B7518E005FF35B /* ActionListViewController.swift */ = {isa = PBXFileReference; lastKnownFileType = sourcecode.swift; path = ActionListViewController.swift; sourceTree = "<group>"; };
		BB02980725B7518E005FF35B /* ActionListViewController.xib */ = {isa = PBXFileReference; lastKnownFileType = file.xib; path = ActionListViewController.xib; sourceTree = "<group>"; };
		BB02981225B751AF005FF35B /* ActionListCell.swift */ = {isa = PBXFileReference; lastKnownFileType = sourcecode.swift; path = ActionListCell.swift; sourceTree = "<group>"; };
		BB02981325B751AF005FF35B /* ActionListCell.xib */ = {isa = PBXFileReference; lastKnownFileType = file.xib; path = ActionListCell.xib; sourceTree = "<group>"; };
		BB02981F25B75474005FF35B /* UIView+Transformations.swift */ = {isa = PBXFileReference; lastKnownFileType = sourcecode.swift; path = "UIView+Transformations.swift"; sourceTree = "<group>"; };
		BB02982525B754F6005FF35B /* UIViewController+Extensions.swift */ = {isa = PBXFileReference; lastKnownFileType = sourcecode.swift; path = "UIViewController+Extensions.swift"; sourceTree = "<group>"; };
		BB02982D25B76022005FF35B /* Main.storyboard */ = {isa = PBXFileReference; lastKnownFileType = file.storyboard; path = Main.storyboard; sourceTree = "<group>"; };
/* End PBXFileReference section */

/* Begin PBXFrameworksBuildPhase section */
		BB0297B325B6F964005FF35B /* Frameworks */ = {
			isa = PBXFrameworksBuildPhase;
			buildActionMask = 2147483647;
			files = (
			);
			runOnlyForDeploymentPostprocessing = 0;
		};
		BB0297C925B6F966005FF35B /* Frameworks */ = {
			isa = PBXFrameworksBuildPhase;
			buildActionMask = 2147483647;
			files = (
			);
			runOnlyForDeploymentPostprocessing = 0;
		};
		BB0297D425B6F966005FF35B /* Frameworks */ = {
			isa = PBXFrameworksBuildPhase;
			buildActionMask = 2147483647;
			files = (
			);
			runOnlyForDeploymentPostprocessing = 0;
		};
/* End PBXFrameworksBuildPhase section */

/* Begin PBXGroup section */
		BB0297AD25B6F964005FF35B = {
			isa = PBXGroup;
			children = (
				BB0297B825B6F964005FF35B /* TestActionList */,
				BB0297CF25B6F966005FF35B /* TestActionListTests */,
				BB0297DA25B6F966005FF35B /* TestActionListUITests */,
				BB0297B725B6F964005FF35B /* Products */,
			);
			sourceTree = "<group>";
		};
		BB0297B725B6F964005FF35B /* Products */ = {
			isa = PBXGroup;
			children = (
				BB0297B625B6F964005FF35B /* TestActionList.app */,
				BB0297CC25B6F966005FF35B /* TestActionListTests.xctest */,
				BB0297D725B6F966005FF35B /* TestActionListUITests.xctest */,
			);
			name = Products;
			sourceTree = "<group>";
		};
		BB0297B825B6F964005FF35B /* TestActionList */ = {
			isa = PBXGroup;
			children = (
				BB0297FA25B75072005FF35B /* Resources */,
				BB0297EF25B7502B005FF35B /* Code */,
				BB0297C725B6F966005FF35B /* Info.plist */,
			);
			path = TestActionList;
			sourceTree = "<group>";
		};
		BB0297CF25B6F966005FF35B /* TestActionListTests */ = {
			isa = PBXGroup;
			children = (
				BB0297D025B6F966005FF35B /* TestActionListTests.swift */,
				BB0297D225B6F966005FF35B /* Info.plist */,
			);
			path = TestActionListTests;
			sourceTree = "<group>";
		};
		BB0297DA25B6F966005FF35B /* TestActionListUITests */ = {
			isa = PBXGroup;
			children = (
				BB0297DB25B6F966005FF35B /* TestActionListUITests.swift */,
				BB0297DD25B6F966005FF35B /* Info.plist */,
			);
			path = TestActionListUITests;
			sourceTree = "<group>";
		};
		BB0297EF25B7502B005FF35B /* Code */ = {
			isa = PBXGroup;
			children = (
				BB02981C25B7545B005FF35B /* Extensions */,
				BB0297F525B7505D005FF35B /* Application */,
				BB0297F025B75036005FF35B /* Buisness */,
				BB02980325B7515B005FF35B /* Common */,
			);
			path = Code;
			sourceTree = "<group>";
		};
		BB0297F025B75036005FF35B /* Buisness */ = {
			isa = PBXGroup;
			children = (
				BB0297F125B7503F005FF35B /* Features */,
			);
			path = Buisness;
			sourceTree = "<group>";
		};
		BB0297F125B7503F005FF35B /* Features */ = {
			isa = PBXGroup;
			children = (
				BB0297F225B75043005FF35B /* Main */,
			);
			path = Features;
			sourceTree = "<group>";
		};
		BB0297F225B75043005FF35B /* Main */ = {
			isa = PBXGroup;
			children = (
				BB0297F425B7504E005FF35B /* Controller */,
				BB0297F325B75048005FF35B /* Storyboard */,
			);
			path = Main;
			sourceTree = "<group>";
		};
		BB0297F325B75048005FF35B /* Storyboard */ = {
			isa = PBXGroup;
			children = (
				BB02982D25B76022005FF35B /* Main.storyboard */,
			);
			path = Storyboard;
			sourceTree = "<group>";
		};
		BB0297F425B7504E005FF35B /* Controller */ = {
			isa = PBXGroup;
			children = (
				BB0297FB25B750A3005FF35B /* MainViewController.swift */,
			);
			path = Controller;
			sourceTree = "<group>";
		};
		BB0297F525B7505D005FF35B /* Application */ = {
			isa = PBXGroup;
			children = (
				BB0297F625B75061005FF35B /* App */,
			);
			path = Application;
			sourceTree = "<group>";
		};
		BB0297F625B75061005FF35B /* App */ = {
			isa = PBXGroup;
			children = (
				BB0297B925B6F964005FF35B /* AppDelegate.swift */,
				BB0297BB25B6F964005FF35B /* SceneDelegate.swift */,
			);
			path = App;
			sourceTree = "<group>";
		};
		BB0297FA25B75072005FF35B /* Resources */ = {
			isa = PBXGroup;
			children = (
				BB0297C425B6F966005FF35B /* LaunchScreen.storyboard */,
				BB0297C225B6F966005FF35B /* Assets.xcassets */,
			);
			path = Resources;
			sourceTree = "<group>";
		};
		BB02980325B7515B005FF35B /* Common */ = {
			isa = PBXGroup;
			children = (
				BB02980425B75160005FF35B /* Views */,
			);
			path = Common;
			sourceTree = "<group>";
		};
		BB02980425B75160005FF35B /* Views */ = {
			isa = PBXGroup;
			children = (
				BB02980525B75174005FF35B /* ActionList */,
			);
			path = Views;
			sourceTree = "<group>";
		};
		BB02980525B75174005FF35B /* ActionList */ = {
			isa = PBXGroup;
			children = (
				BB02981025B75194005FF35B /* Cell */,
				BB02980625B7518E005FF35B /* ActionListViewController.swift */,
				BB02980725B7518E005FF35B /* ActionListViewController.xib */,
			);
			path = ActionList;
			sourceTree = "<group>";
		};
		BB02981025B75194005FF35B /* Cell */ = {
			isa = PBXGroup;
			children = (
				BB02981125B75198005FF35B /* ActionListCell */,
			);
			path = Cell;
			sourceTree = "<group>";
		};
		BB02981125B75198005FF35B /* ActionListCell */ = {
			isa = PBXGroup;
			children = (
				BB02981225B751AF005FF35B /* ActionListCell.swift */,
				BB02981325B751AF005FF35B /* ActionListCell.xib */,
			);
			path = ActionListCell;
			sourceTree = "<group>";
		};
		BB02981C25B7545B005FF35B /* Extensions */ = {
			isa = PBXGroup;
			children = (
				BB02981D25B75466005FF35B /* UIKit */,
			);
			path = Extensions;
			sourceTree = "<group>";
		};
		BB02981D25B75466005FF35B /* UIKit */ = {
			isa = PBXGroup;
			children = (
				BB02982425B754DC005FF35B /* UIViewController */,
				BB02981E25B7546B005FF35B /* UIView */,
			);
			path = UIKit;
			sourceTree = "<group>";
		};
		BB02981E25B7546B005FF35B /* UIView */ = {
			isa = PBXGroup;
			children = (
				BB02981F25B75474005FF35B /* UIView+Transformations.swift */,
			);
			path = UIView;
			sourceTree = "<group>";
		};
		BB02982425B754DC005FF35B /* UIViewController */ = {
			isa = PBXGroup;
			children = (
				BB02982525B754F6005FF35B /* UIViewController+Extensions.swift */,
			);
			path = UIViewController;
			sourceTree = "<group>";
		};
/* End PBXGroup section */

/* Begin PBXNativeTarget section */
		BB0297B525B6F964005FF35B /* TestActionList */ = {
			isa = PBXNativeTarget;
			buildConfigurationList = BB0297E025B6F966005FF35B /* Build configuration list for PBXNativeTarget "TestActionList" */;
			buildPhases = (
				BB0297B225B6F964005FF35B /* Sources */,
				BB0297B325B6F964005FF35B /* Frameworks */,
				BB0297B425B6F964005FF35B /* Resources */,
			);
			buildRules = (
			);
			dependencies = (
			);
			name = TestActionList;
			productName = TestActionList;
			productReference = BB0297B625B6F964005FF35B /* TestActionList.app */;
			productType = "com.apple.product-type.application";
		};
		BB0297CB25B6F966005FF35B /* TestActionListTests */ = {
			isa = PBXNativeTarget;
			buildConfigurationList = BB0297E325B6F966005FF35B /* Build configuration list for PBXNativeTarget "TestActionListTests" */;
			buildPhases = (
				BB0297C825B6F966005FF35B /* Sources */,
				BB0297C925B6F966005FF35B /* Frameworks */,
				BB0297CA25B6F966005FF35B /* Resources */,
			);
			buildRules = (
			);
			dependencies = (
				BB0297CE25B6F966005FF35B /* PBXTargetDependency */,
			);
			name = TestActionListTests;
			productName = TestActionListTests;
			productReference = BB0297CC25B6F966005FF35B /* TestActionListTests.xctest */;
			productType = "com.apple.product-type.bundle.unit-test";
		};
		BB0297D625B6F966005FF35B /* TestActionListUITests */ = {
			isa = PBXNativeTarget;
			buildConfigurationList = BB0297E625B6F966005FF35B /* Build configuration list for PBXNativeTarget "TestActionListUITests" */;
			buildPhases = (
				BB0297D325B6F966005FF35B /* Sources */,
				BB0297D425B6F966005FF35B /* Frameworks */,
				BB0297D525B6F966005FF35B /* Resources */,
			);
			buildRules = (
			);
			dependencies = (
				BB0297D925B6F966005FF35B /* PBXTargetDependency */,
			);
			name = TestActionListUITests;
			productName = TestActionListUITests;
			productReference = BB0297D725B6F966005FF35B /* TestActionListUITests.xctest */;
			productType = "com.apple.product-type.bundle.ui-testing";
		};
/* End PBXNativeTarget section */

/* Begin PBXProject section */
		BB0297AE25B6F964005FF35B /* Project object */ = {
			isa = PBXProject;
			attributes = {
				LastSwiftUpdateCheck = 1230;
				LastUpgradeCheck = 1230;
				TargetAttributes = {
					BB0297B525B6F964005FF35B = {
						CreatedOnToolsVersion = 12.3;
					};
					BB0297CB25B6F966005FF35B = {
						CreatedOnToolsVersion = 12.3;
						TestTargetID = BB0297B525B6F964005FF35B;
					};
					BB0297D625B6F966005FF35B = {
						CreatedOnToolsVersion = 12.3;
						TestTargetID = BB0297B525B6F964005FF35B;
					};
				};
			};
			buildConfigurationList = BB0297B125B6F964005FF35B /* Build configuration list for PBXProject "TestActionList" */;
			compatibilityVersion = "Xcode 9.3";
			developmentRegion = en;
			hasScannedForEncodings = 0;
			knownRegions = (
				en,
				Base,
			);
			mainGroup = BB0297AD25B6F964005FF35B;
			productRefGroup = BB0297B725B6F964005FF35B /* Products */;
			projectDirPath = "";
			projectRoot = "";
			targets = (
				BB0297B525B6F964005FF35B /* TestActionList */,
				BB0297CB25B6F966005FF35B /* TestActionListTests */,
				BB0297D625B6F966005FF35B /* TestActionListUITests */,
			);
		};
/* End PBXProject section */

/* Begin PBXResourcesBuildPhase section */
		BB0297B425B6F964005FF35B /* Resources */ = {
			isa = PBXResourcesBuildPhase;
			buildActionMask = 2147483647;
			files = (
				BB0297C625B6F966005FF35B /* LaunchScreen.storyboard in Resources */,
				BB02981525B751AF005FF35B /* ActionListCell.xib in Resources */,
				BB0297C325B6F966005FF35B /* Assets.xcassets in Resources */,
				BB02982E25B76022005FF35B /* Main.storyboard in Resources */,
				BB02980925B7518E005FF35B /* ActionListViewController.xib in Resources */,
			);
			runOnlyForDeploymentPostprocessing = 0;
		};
		BB0297CA25B6F966005FF35B /* Resources */ = {
			isa = PBXResourcesBuildPhase;
			buildActionMask = 2147483647;
			files = (
			);
			runOnlyForDeploymentPostprocessing = 0;
		};
		BB0297D525B6F966005FF35B /* Resources */ = {
			isa = PBXResourcesBuildPhase;
			buildActionMask = 2147483647;
			files = (
			);
			runOnlyForDeploymentPostprocessing = 0;
		};
/* End PBXResourcesBuildPhase section */

/* Begin PBXSourcesBuildPhase section */
		BB0297B225B6F964005FF35B /* Sources */ = {
			isa = PBXSourcesBuildPhase;
			buildActionMask = 2147483647;
			files = (
				BB0297BA25B6F964005FF35B /* AppDelegate.swift in Sources */,
				BB02982025B75474005FF35B /* UIView+Transformations.swift in Sources */,
				BB02980825B7518E005FF35B /* ActionListViewController.swift in Sources */,
				BB02982625B754F6005FF35B /* UIViewController+Extensions.swift in Sources */,
				BB0297BC25B6F964005FF35B /* SceneDelegate.swift in Sources */,
				BB0297FC25B750A3005FF35B /* MainViewController.swift in Sources */,
				BB02981425B751AF005FF35B /* ActionListCell.swift in Sources */,
			);
			runOnlyForDeploymentPostprocessing = 0;
		};
		BB0297C825B6F966005FF35B /* Sources */ = {
			isa = PBXSourcesBuildPhase;
			buildActionMask = 2147483647;
			files = (
				BB0297D125B6F966005FF35B /* TestActionListTests.swift in Sources */,
			);
			runOnlyForDeploymentPostprocessing = 0;
		};
		BB0297D325B6F966005FF35B /* Sources */ = {
			isa = PBXSourcesBuildPhase;
			buildActionMask = 2147483647;
			files = (
				BB0297DC25B6F966005FF35B /* TestActionListUITests.swift in Sources */,
			);
			runOnlyForDeploymentPostprocessing = 0;
		};
/* End PBXSourcesBuildPhase section */

/* Begin PBXTargetDependency section */
		BB0297CE25B6F966005FF35B /* PBXTargetDependency */ = {
			isa = PBXTargetDependency;
			target = BB0297B525B6F964005FF35B /* TestActionList */;
			targetProxy = BB0297CD25B6F966005FF35B /* PBXContainerItemProxy */;
		};
		BB0297D925B6F966005FF35B /* PBXTargetDependency */ = {
			isa = PBXTargetDependency;
			target = BB0297B525B6F964005FF35B /* TestActionList */;
			targetProxy = BB0297D825B6F966005FF35B /* PBXContainerItemProxy */;
		};
/* End PBXTargetDependency section */

/* Begin PBXVariantGroup section */
		BB0297C425B6F966005FF35B /* LaunchScreen.storyboard */ = {
			isa = PBXVariantGroup;
			children = (
				BB0297C525B6F966005FF35B /* Base */,
			);
			name = LaunchScreen.storyboard;
			sourceTree = "<group>";
		};
/* End PBXVariantGroup section */

/* Begin XCBuildConfiguration section */
		BB0297DE25B6F966005FF35B /* Debug */ = {
			isa = XCBuildConfiguration;
			buildSettings = {
				ALWAYS_SEARCH_USER_PATHS = NO;
				CLANG_ANALYZER_NONNULL = YES;
				CLANG_ANALYZER_NUMBER_OBJECT_CONVERSION = YES_AGGRESSIVE;
				CLANG_CXX_LANGUAGE_STANDARD = "gnu++14";
				CLANG_CXX_LIBRARY = "libc++";
				CLANG_ENABLE_MODULES = YES;
				CLANG_ENABLE_OBJC_ARC = YES;
				CLANG_ENABLE_OBJC_WEAK = YES;
				CLANG_WARN_BLOCK_CAPTURE_AUTORELEASING = YES;
				CLANG_WARN_BOOL_CONVERSION = YES;
				CLANG_WARN_COMMA = YES;
				CLANG_WARN_CONSTANT_CONVERSION = YES;
				CLANG_WARN_DEPRECATED_OBJC_IMPLEMENTATIONS = YES;
				CLANG_WARN_DIRECT_OBJC_ISA_USAGE = YES_ERROR;
				CLANG_WARN_DOCUMENTATION_COMMENTS = YES;
				CLANG_WARN_EMPTY_BODY = YES;
				CLANG_WARN_ENUM_CONVERSION = YES;
				CLANG_WARN_INFINITE_RECURSION = YES;
				CLANG_WARN_INT_CONVERSION = YES;
				CLANG_WARN_NON_LITERAL_NULL_CONVERSION = YES;
				CLANG_WARN_OBJC_IMPLICIT_RETAIN_SELF = YES;
				CLANG_WARN_OBJC_LITERAL_CONVERSION = YES;
				CLANG_WARN_OBJC_ROOT_CLASS = YES_ERROR;
				CLANG_WARN_QUOTED_INCLUDE_IN_FRAMEWORK_HEADER = YES;
				CLANG_WARN_RANGE_LOOP_ANALYSIS = YES;
				CLANG_WARN_STRICT_PROTOTYPES = YES;
				CLANG_WARN_SUSPICIOUS_MOVE = YES;
				CLANG_WARN_UNGUARDED_AVAILABILITY = YES_AGGRESSIVE;
				CLANG_WARN_UNREACHABLE_CODE = YES;
				CLANG_WARN__DUPLICATE_METHOD_MATCH = YES;
				COPY_PHASE_STRIP = NO;
				DEBUG_INFORMATION_FORMAT = dwarf;
				ENABLE_STRICT_OBJC_MSGSEND = YES;
				ENABLE_TESTABILITY = YES;
				GCC_C_LANGUAGE_STANDARD = gnu11;
				GCC_DYNAMIC_NO_PIC = NO;
				GCC_NO_COMMON_BLOCKS = YES;
				GCC_OPTIMIZATION_LEVEL = 0;
				GCC_PREPROCESSOR_DEFINITIONS = (
					"DEBUG=1",
					"$(inherited)",
				);
				GCC_WARN_64_TO_32_BIT_CONVERSION = YES;
				GCC_WARN_ABOUT_RETURN_TYPE = YES_ERROR;
				GCC_WARN_UNDECLARED_SELECTOR = YES;
				GCC_WARN_UNINITIALIZED_AUTOS = YES_AGGRESSIVE;
				GCC_WARN_UNUSED_FUNCTION = YES;
				GCC_WARN_UNUSED_VARIABLE = YES;
				IPHONEOS_DEPLOYMENT_TARGET = 14.3;
				MTL_ENABLE_DEBUG_INFO = INCLUDE_SOURCE;
				MTL_FAST_MATH = YES;
				ONLY_ACTIVE_ARCH = YES;
				SDKROOT = iphoneos;
				SWIFT_ACTIVE_COMPILATION_CONDITIONS = DEBUG;
				SWIFT_OPTIMIZATION_LEVEL = "-Onone";
			};
			name = Debug;
		};
		BB0297DF25B6F966005FF35B /* Release */ = {
			isa = XCBuildConfiguration;
			buildSettings = {
				ALWAYS_SEARCH_USER_PATHS = NO;
				CLANG_ANALYZER_NONNULL = YES;
				CLANG_ANALYZER_NUMBER_OBJECT_CONVERSION = YES_AGGRESSIVE;
				CLANG_CXX_LANGUAGE_STANDARD = "gnu++14";
				CLANG_CXX_LIBRARY = "libc++";
				CLANG_ENABLE_MODULES = YES;
				CLANG_ENABLE_OBJC_ARC = YES;
				CLANG_ENABLE_OBJC_WEAK = YES;
				CLANG_WARN_BLOCK_CAPTURE_AUTORELEASING = YES;
				CLANG_WARN_BOOL_CONVERSION = YES;
				CLANG_WARN_COMMA = YES;
				CLANG_WARN_CONSTANT_CONVERSION = YES;
				CLANG_WARN_DEPRECATED_OBJC_IMPLEMENTATIONS = YES;
				CLANG_WARN_DIRECT_OBJC_ISA_USAGE = YES_ERROR;
				CLANG_WARN_DOCUMENTATION_COMMENTS = YES;
				CLANG_WARN_EMPTY_BODY = YES;
				CLANG_WARN_ENUM_CONVERSION = YES;
				CLANG_WARN_INFINITE_RECURSION = YES;
				CLANG_WARN_INT_CONVERSION = YES;
				CLANG_WARN_NON_LITERAL_NULL_CONVERSION = YES;
				CLANG_WARN_OBJC_IMPLICIT_RETAIN_SELF = YES;
				CLANG_WARN_OBJC_LITERAL_CONVERSION = YES;
				CLANG_WARN_OBJC_ROOT_CLASS = YES_ERROR;
				CLANG_WARN_QUOTED_INCLUDE_IN_FRAMEWORK_HEADER = YES;
				CLANG_WARN_RANGE_LOOP_ANALYSIS = YES;
				CLANG_WARN_STRICT_PROTOTYPES = YES;
				CLANG_WARN_SUSPICIOUS_MOVE = YES;
				CLANG_WARN_UNGUARDED_AVAILABILITY = YES_AGGRESSIVE;
				CLANG_WARN_UNREACHABLE_CODE = YES;
				CLANG_WARN__DUPLICATE_METHOD_MATCH = YES;
				COPY_PHASE_STRIP = NO;
				DEBUG_INFORMATION_FORMAT = "dwarf-with-dsym";
				ENABLE_NS_ASSERTIONS = NO;
				ENABLE_STRICT_OBJC_MSGSEND = YES;
				GCC_C_LANGUAGE_STANDARD = gnu11;
				GCC_NO_COMMON_BLOCKS = YES;
				GCC_WARN_64_TO_32_BIT_CONVERSION = YES;
				GCC_WARN_ABOUT_RETURN_TYPE = YES_ERROR;
				GCC_WARN_UNDECLARED_SELECTOR = YES;
				GCC_WARN_UNINITIALIZED_AUTOS = YES_AGGRESSIVE;
				GCC_WARN_UNUSED_FUNCTION = YES;
				GCC_WARN_UNUSED_VARIABLE = YES;
				IPHONEOS_DEPLOYMENT_TARGET = 14.3;
				MTL_ENABLE_DEBUG_INFO = NO;
				MTL_FAST_MATH = YES;
				SDKROOT = iphoneos;
				SWIFT_COMPILATION_MODE = wholemodule;
				SWIFT_OPTIMIZATION_LEVEL = "-O";
				VALIDATE_PRODUCT = YES;
			};
			name = Release;
		};
		BB0297E125B6F966005FF35B /* Debug */ = {
			isa = XCBuildConfiguration;
			buildSettings = {
				ASSETCATALOG_COMPILER_APPICON_NAME = AppIcon;
				ASSETCATALOG_COMPILER_GLOBAL_ACCENT_COLOR_NAME = AccentColor;
				CODE_SIGN_STYLE = Automatic;
				DEVELOPMENT_TEAM = K2V5DYJ2C2;
				INFOPLIST_FILE = TestActionList/Info.plist;
				LD_RUNPATH_SEARCH_PATHS = (
					"$(inherited)",
					"@executable_path/Frameworks",
				);
				PRODUCT_BUNDLE_IDENTIFIER = sergeytszyu.TestActionList;
				PRODUCT_NAME = "$(TARGET_NAME)";
				SWIFT_VERSION = 5.0;
				TARGETED_DEVICE_FAMILY = "1,2";
			};
			name = Debug;
		};
		BB0297E225B6F966005FF35B /* Release */ = {
			isa = XCBuildConfiguration;
			buildSettings = {
				ASSETCATALOG_COMPILER_APPICON_NAME = AppIcon;
				ASSETCATALOG_COMPILER_GLOBAL_ACCENT_COLOR_NAME = AccentColor;
				CODE_SIGN_STYLE = Automatic;
				DEVELOPMENT_TEAM = K2V5DYJ2C2;
				INFOPLIST_FILE = TestActionList/Info.plist;
				LD_RUNPATH_SEARCH_PATHS = (
					"$(inherited)",
					"@executable_path/Frameworks",
				);
				PRODUCT_BUNDLE_IDENTIFIER = sergeytszyu.TestActionList;
				PRODUCT_NAME = "$(TARGET_NAME)";
				SWIFT_VERSION = 5.0;
				TARGETED_DEVICE_FAMILY = "1,2";
			};
			name = Release;
		};
		BB0297E425B6F966005FF35B /* Debug */ = {
			isa = XCBuildConfiguration;
			buildSettings = {
				ALWAYS_EMBED_SWIFT_STANDARD_LIBRARIES = YES;
				BUNDLE_LOADER = "$(TEST_HOST)";
				CODE_SIGN_STYLE = Automatic;
				DEVELOPMENT_TEAM = K2V5DYJ2C2;
				INFOPLIST_FILE = TestActionListTests/Info.plist;
				IPHONEOS_DEPLOYMENT_TARGET = 14.3;
				LD_RUNPATH_SEARCH_PATHS = (
					"$(inherited)",
					"@executable_path/Frameworks",
					"@loader_path/Frameworks",
				);
				PRODUCT_BUNDLE_IDENTIFIER = sergeytszyu.TestActionListTests;
				PRODUCT_NAME = "$(TARGET_NAME)";
				SWIFT_VERSION = 5.0;
				TARGETED_DEVICE_FAMILY = "1,2";
				TEST_HOST = "$(BUILT_PRODUCTS_DIR)/TestActionList.app/TestActionList";
			};
			name = Debug;
		};
		BB0297E525B6F966005FF35B /* Release */ = {
			isa = XCBuildConfiguration;
			buildSettings = {
				ALWAYS_EMBED_SWIFT_STANDARD_LIBRARIES = YES;
				BUNDLE_LOADER = "$(TEST_HOST)";
				CODE_SIGN_STYLE = Automatic;
				DEVELOPMENT_TEAM = K2V5DYJ2C2;
				INFOPLIST_FILE = TestActionListTests/Info.plist;
				IPHONEOS_DEPLOYMENT_TARGET = 14.3;
				LD_RUNPATH_SEARCH_PATHS = (
					"$(inherited)",
					"@executable_path/Frameworks",
					"@loader_path/Frameworks",
				);
				PRODUCT_BUNDLE_IDENTIFIER = sergeytszyu.TestActionListTests;
				PRODUCT_NAME = "$(TARGET_NAME)";
				SWIFT_VERSION = 5.0;
				TARGETED_DEVICE_FAMILY = "1,2";
				TEST_HOST = "$(BUILT_PRODUCTS_DIR)/TestActionList.app/TestActionList";
			};
			name = Release;
		};
		BB0297E725B6F966005FF35B /* Debug */ = {
			isa = XCBuildConfiguration;
			buildSettings = {
				ALWAYS_EMBED_SWIFT_STANDARD_LIBRARIES = YES;
				CODE_SIGN_STYLE = Automatic;
				DEVELOPMENT_TEAM = K2V5DYJ2C2;
				INFOPLIST_FILE = TestActionListUITests/Info.plist;
				LD_RUNPATH_SEARCH_PATHS = (
					"$(inherited)",
					"@executable_path/Frameworks",
					"@loader_path/Frameworks",
				);
				PRODUCT_BUNDLE_IDENTIFIER = sergeytszyu.TestActionListUITests;
				PRODUCT_NAME = "$(TARGET_NAME)";
				SWIFT_VERSION = 5.0;
				TARGETED_DEVICE_FAMILY = "1,2";
				TEST_TARGET_NAME = TestActionList;
			};
			name = Debug;
		};
		BB0297E825B6F966005FF35B /* Release */ = {
			isa = XCBuildConfiguration;
			buildSettings = {
				ALWAYS_EMBED_SWIFT_STANDARD_LIBRARIES = YES;
				CODE_SIGN_STYLE = Automatic;
				DEVELOPMENT_TEAM = K2V5DYJ2C2;
				INFOPLIST_FILE = TestActionListUITests/Info.plist;
				LD_RUNPATH_SEARCH_PATHS = (
					"$(inherited)",
					"@executable_path/Frameworks",
					"@loader_path/Frameworks",
				);
				PRODUCT_BUNDLE_IDENTIFIER = sergeytszyu.TestActionListUITests;
				PRODUCT_NAME = "$(TARGET_NAME)";
				SWIFT_VERSION = 5.0;
				TARGETED_DEVICE_FAMILY = "1,2";
				TEST_TARGET_NAME = TestActionList;
			};
			name = Release;
		};
/* End XCBuildConfiguration section */

/* Begin XCConfigurationList section */
		BB0297B125B6F964005FF35B /* Build configuration list for PBXProject "TestActionList" */ = {
			isa = XCConfigurationList;
			buildConfigurations = (
				BB0297DE25B6F966005FF35B /* Debug */,
				BB0297DF25B6F966005FF35B /* Release */,
			);
			defaultConfigurationIsVisible = 0;
			defaultConfigurationName = Release;
		};
		BB0297E025B6F966005FF35B /* Build configuration list for PBXNativeTarget "TestActionList" */ = {
			isa = XCConfigurationList;
			buildConfigurations = (
				BB0297E125B6F966005FF35B /* Debug */,
				BB0297E225B6F966005FF35B /* Release */,
			);
			defaultConfigurationIsVisible = 0;
			defaultConfigurationName = Release;
		};
		BB0297E325B6F966005FF35B /* Build configuration list for PBXNativeTarget "TestActionListTests" */ = {
			isa = XCConfigurationList;
			buildConfigurations = (
				BB0297E425B6F966005FF35B /* Debug */,
				BB0297E525B6F966005FF35B /* Release */,
			);
			defaultConfigurationIsVisible = 0;
			defaultConfigurationName = Release;
		};
		BB0297E625B6F966005FF35B /* Build configuration list for PBXNativeTarget "TestActionListUITests" */ = {
			isa = XCConfigurationList;
			buildConfigurations = (
				BB0297E725B6F966005FF35B /* Debug */,
				BB0297E825B6F966005FF35B /* Release */,
			);
			defaultConfigurationIsVisible = 0;
			defaultConfigurationName = Release;
		};
/* End XCConfigurationList section */
	};
	rootObject = BB0297AE25B6F964005FF35B /* Project object */;
}
